
Microsoft Visual Studio Solution File, Format Version 12.00
# Visual Studio Version 16
VisualStudioVersion = 16.0.30907.101
MinimumVisualStudioVersion = 10.0.40219.1
Project("{FAE04EC0-301F-11D3-BF4B-00C04F79EFBC}") = "Golf.IOS", "Golf.IOS\Golf.IOS.csproj", "{EF9AFD1B-EF63-4137-A004-9CF1ED7E5FA9}"
EndProject
Project("{9A19103F-16F7-4668-BE54-9A1E7A4F7556}") = "Golf.Core", "Golf.Core\Golf.Core.csproj", "{B5079F58-81CD-4D06-A259-C38EB184C0FE}"
EndProject
Project("{FAE04EC0-301F-11D3-BF4B-00C04F79EFBC}") = "Golf.Windows", "Golf.Windows\Golf.Windows.csproj", "{43D1B47D-EF16-4E31-A1E1-B2CEDB5466C2}"
EndProject
Project("{FAE04EC0-301F-11D3-BF4B-00C04F79EFBC}") = "Golf.Android", "Golf.Android\Golf.Android.csproj", "{3827F75B-191C-4255-A389-DFE596A4F959}"
EndProject
Global
	GlobalSection(SolutionConfigurationPlatforms) = preSolution
		Ad-Hoc|Any CPU = Ad-Hoc|Any CPU
		Ad-Hoc|ARM = Ad-Hoc|ARM
		Ad-Hoc|iPhone = Ad-Hoc|iPhone
		Ad-Hoc|iPhoneSimulator = Ad-Hoc|iPhoneSimulator
		Ad-Hoc|x64 = Ad-Hoc|x64
		Ad-Hoc|x86 = Ad-Hoc|x86
		AppStore|Any CPU = AppStore|Any CPU
		AppStore|ARM = AppStore|ARM
		AppStore|iPhone = AppStore|iPhone
		AppStore|iPhoneSimulator = AppStore|iPhoneSimulator
		AppStore|x64 = AppStore|x64
		AppStore|x86 = AppStore|x86
		Debug|Any CPU = Debug|Any CPU
		Debug|ARM = Debug|ARM
		Debug|iPhone = Debug|iPhone
		Debug|iPhoneSimulator = Debug|iPhoneSimulator
		Debug|x64 = Debug|x64
		Debug|x86 = Debug|x86
		Release|Any CPU = Release|Any CPU
		Release|ARM = Release|ARM
		Release|iPhone = Release|iPhone
		Release|iPhoneSimulator = Release|iPhoneSimulator
		Release|x64 = Release|x64
		Release|x86 = Release|x86
	EndGlobalSection
	GlobalSection(ProjectConfigurationPlatforms) = postSolution
		{EF9AFD1B-EF63-4137-A004-9CF1ED7E5FA9}.Ad-Hoc|Any CPU.ActiveCfg = Ad-Hoc|iPhoneSimulator
		{EF9AFD1B-EF63-4137-A004-9CF1ED7E5FA9}.Ad-Hoc|ARM.ActiveCfg = Ad-Hoc|iPhone
		{EF9AFD1B-EF63-4137-A004-9CF1ED7E5FA9}.Ad-Hoc|iPhone.ActiveCfg = Ad-Hoc|iPhone
		{EF9AFD1B-EF63-4137-A004-9CF1ED7E5FA9}.Ad-Hoc|iPhone.Build.0 = Ad-Hoc|iPhone
		{EF9AFD1B-EF63-4137-A004-9CF1ED7E5FA9}.Ad-Hoc|iPhoneSimulator.ActiveCfg = Ad-Hoc|iPhoneSimulator
		{EF9AFD1B-EF63-4137-A004-9CF1ED7E5FA9}.Ad-Hoc|iPhoneSimulator.Build.0 = Ad-Hoc|iPhoneSimulator
		{EF9AFD1B-EF63-4137-A004-9CF1ED7E5FA9}.Ad-Hoc|x64.ActiveCfg = Ad-Hoc|iPhone
		{EF9AFD1B-EF63-4137-A004-9CF1ED7E5FA9}.Ad-Hoc|x86.ActiveCfg = Ad-Hoc|iPhone
		{EF9AFD1B-EF63-4137-A004-9CF1ED7E5FA9}.AppStore|Any CPU.ActiveCfg = AppStore|iPhoneSimulator
		{EF9AFD1B-EF63-4137-A004-9CF1ED7E5FA9}.AppStore|ARM.ActiveCfg = AppStore|iPhone
		{EF9AFD1B-EF63-4137-A004-9CF1ED7E5FA9}.AppStore|iPhone.ActiveCfg = AppStore|iPhone
		{EF9AFD1B-EF63-4137-A004-9CF1ED7E5FA9}.AppStore|iPhone.Build.0 = AppStore|iPhone
		{EF9AFD1B-EF63-4137-A004-9CF1ED7E5FA9}.AppStore|iPhoneSimulator.ActiveCfg = AppStore|iPhoneSimulator
		{EF9AFD1B-EF63-4137-A004-9CF1ED7E5FA9}.AppStore|iPhoneSimulator.Build.0 = AppStore|iPhoneSimulator
		{EF9AFD1B-EF63-4137-A004-9CF1ED7E5FA9}.AppStore|x64.ActiveCfg = AppStore|iPhone
		{EF9AFD1B-EF63-4137-A004-9CF1ED7E5FA9}.AppStore|x86.ActiveCfg = AppStore|iPhone
		{EF9AFD1B-EF63-4137-A004-9CF1ED7E5FA9}.Debug|Any CPU.ActiveCfg = Debug|iPhoneSimulator
		{EF9AFD1B-EF63-4137-A004-9CF1ED7E5FA9}.Debug|Any CPU.Build.0 = Debug|iPhoneSimulator
		{EF9AFD1B-EF63-4137-A004-9CF1ED7E5FA9}.Debug|ARM.ActiveCfg = Debug|iPhone
		{EF9AFD1B-EF63-4137-A004-9CF1ED7E5FA9}.Debug|iPhone.ActiveCfg = Debug|iPhone
		{EF9AFD1B-EF63-4137-A004-9CF1ED7E5FA9}.Debug|iPhone.Build.0 = Debug|iPhone
		{EF9AFD1B-EF63-4137-A004-9CF1ED7E5FA9}.Debug|iPhoneSimulator.ActiveCfg = Debug|iPhoneSimulator
		{EF9AFD1B-EF63-4137-A004-9CF1ED7E5FA9}.Debug|iPhoneSimulator.Build.0 = Debug|iPhoneSimulator
		{EF9AFD1B-EF63-4137-A004-9CF1ED7E5FA9}.Debug|x64.ActiveCfg = Debug|iPhone
		{EF9AFD1B-EF63-4137-A004-9CF1ED7E5FA9}.Debug|x86.ActiveCfg = Debug|iPhone
		{EF9AFD1B-EF63-4137-A004-9CF1ED7E5FA9}.Release|Any CPU.ActiveCfg = Release|iPhoneSimulator
		{EF9AFD1B-EF63-4137-A004-9CF1ED7E5FA9}.Release|ARM.ActiveCfg = Release|iPhone
		{EF9AFD1B-EF63-4137-A004-9CF1ED7E5FA9}.Release|iPhone.ActiveCfg = Release|iPhone
		{EF9AFD1B-EF63-4137-A004-9CF1ED7E5FA9}.Release|iPhone.Build.0 = Release|iPhone
		{EF9AFD1B-EF63-4137-A004-9CF1ED7E5FA9}.Release|iPhoneSimulator.ActiveCfg = Release|iPhoneSimulator
		{EF9AFD1B-EF63-4137-A004-9CF1ED7E5FA9}.Release|iPhoneSimulator.Build.0 = Release|iPhoneSimulator
		{EF9AFD1B-EF63-4137-A004-9CF1ED7E5FA9}.Release|x64.ActiveCfg = Release|iPhone
		{EF9AFD1B-EF63-4137-A004-9CF1ED7E5FA9}.Release|x86.ActiveCfg = Release|iPhone
		{B5079F58-81CD-4D06-A259-C38EB184C0FE}.Ad-Hoc|Any CPU.ActiveCfg = Debug|Any CPU
		{B5079F58-81CD-4D06-A259-C38EB184C0FE}.Ad-Hoc|Any CPU.Build.0 = Debug|Any CPU
		{B5079F58-81CD-4D06-A259-C38EB184C0FE}.Ad-Hoc|ARM.ActiveCfg = Debug|Any CPU
		{B5079F58-81CD-4D06-A259-C38EB184C0FE}.Ad-Hoc|ARM.Build.0 = Debug|Any CPU
		{B5079F58-81CD-4D06-A259-C38EB184C0FE}.Ad-Hoc|iPhone.ActiveCfg = Debug|Any CPU
		{B5079F58-81CD-4D06-A259-C38EB184C0FE}.Ad-Hoc|iPhone.Build.0 = Debug|Any CPU
		{B5079F58-81CD-4D06-A259-C38EB184C0FE}.Ad-Hoc|iPhoneSimulator.ActiveCfg = Debug|Any CPU
		{B5079F58-81CD-4D06-A259-C38EB184C0FE}.Ad-Hoc|iPhoneSimulator.Build.0 = Debug|Any CPU
		{B5079F58-81CD-4D06-A259-C38EB184C0FE}.Ad-Hoc|x64.ActiveCfg = Debug|Any CPU
		{B5079F58-81CD-4D06-A259-C38EB184C0FE}.Ad-Hoc|x64.Build.0 = Debug|Any CPU
		{B5079F58-81CD-4D06-A259-C38EB184C0FE}.Ad-Hoc|x86.ActiveCfg = Debug|Any CPU
		{B5079F58-81CD-4D06-A259-C38EB184C0FE}.Ad-Hoc|x86.Build.0 = Debug|Any CPU
		{B5079F58-81CD-4D06-A259-C38EB184C0FE}.AppStore|Any CPU.ActiveCfg = Debug|Any CPU
		{B5079F58-81CD-4D06-A259-C38EB184C0FE}.AppStore|Any CPU.Build.0 = Debug|Any CPU
		{B5079F58-81CD-4D06-A259-C38EB184C0FE}.AppStore|ARM.ActiveCfg = Debug|Any CPU
		{B5079F58-81CD-4D06-A259-C38EB184C0FE}.AppStore|ARM.Build.0 = Debug|Any CPU
		{B5079F58-81CD-4D06-A259-C38EB184C0FE}.AppStore|iPhone.ActiveCfg = Debug|Any CPU
		{B5079F58-81CD-4D06-A259-C38EB184C0FE}.AppStore|iPhone.Build.0 = Debug|Any CPU
		{B5079F58-81CD-4D06-A259-C38EB184C0FE}.AppStore|iPhoneSimulator.ActiveCfg = Debug|Any CPU
		{B5079F58-81CD-4D06-A259-C38EB184C0FE}.AppStore|iPhoneSimulator.Build.0 = Debug|Any CPU
		{B5079F58-81CD-4D06-A259-C38EB184C0FE}.AppStore|x64.ActiveCfg = Debug|Any CPU
		{B5079F58-81CD-4D06-A259-C38EB184C0FE}.AppStore|x64.Build.0 = Debug|Any CPU
		{B5079F58-81CD-4D06-A259-C38EB184C0FE}.AppStore|x86.ActiveCfg = Debug|Any CPU
		{B5079F58-81CD-4D06-A259-C38EB184C0FE}.AppStore|x86.Build.0 = Debug|Any CPU
		{B5079F58-81CD-4D06-A259-C38EB184C0FE}.Debug|Any CPU.ActiveCfg = Debug|Any CPU
		{B5079F58-81CD-4D06-A259-C38EB184C0FE}.Debug|Any CPU.Build.0 = Debug|Any CPU
		{B5079F58-81CD-4D06-A259-C38EB184C0FE}.Debug|ARM.ActiveCfg = Debug|Any CPU
		{B5079F58-81CD-4D06-A259-C38EB184C0FE}.Debug|ARM.Build.0 = Debug|Any CPU
		{B5079F58-81CD-4D06-A259-C38EB184C0FE}.Debug|iPhone.ActiveCfg = Debug|Any CPU
		{B5079F58-81CD-4D06-A259-C38EB184C0FE}.Debug|iPhone.Build.0 = Debug|Any CPU
		{B5079F58-81CD-4D06-A259-C38EB184C0FE}.Debug|iPhoneSimulator.ActiveCfg = Debug|Any CPU
		{B5079F58-81CD-4D06-A259-C38EB184C0FE}.Debug|iPhoneSimulator.Build.0 = Debug|Any CPU
		{B5079F58-81CD-4D06-A259-C38EB184C0FE}.Debug|x64.ActiveCfg = Debug|Any CPU
		{B5079F58-81CD-4D06-A259-C38EB184C0FE}.Debug|x64.Build.0 = Debug|Any CPU
		{B5079F58-81CD-4D06-A259-C38EB184C0FE}.Debug|x86.ActiveCfg = Debug|Any CPU
		{B5079F58-81CD-4D06-A259-C38EB184C0FE}.Debug|x86.Build.0 = Debug|Any CPU
		{B5079F58-81CD-4D06-A259-C38EB184C0FE}.Release|Any CPU.ActiveCfg = Release|Any CPU
		{B5079F58-81CD-4D06-A259-C38EB184C0FE}.Release|Any CPU.Build.0 = Release|Any CPU
		{B5079F58-81CD-4D06-A259-C38EB184C0FE}.Release|ARM.ActiveCfg = Release|Any CPU
		{B5079F58-81CD-4D06-A259-C38EB184C0FE}.Release|ARM.Build.0 = Release|Any CPU
		{B5079F58-81CD-4D06-A259-C38EB184C0FE}.Release|iPhone.ActiveCfg = Release|Any CPU
		{B5079F58-81CD-4D06-A259-C38EB184C0FE}.Release|iPhone.Build.0 = Release|Any CPU
		{B5079F58-81CD-4D06-A259-C38EB184C0FE}.Release|iPhoneSimulator.ActiveCfg = Release|Any CPU
		{B5079F58-81CD-4D06-A259-C38EB184C0FE}.Release|iPhoneSimulator.Build.0 = Release|Any CPU
		{B5079F58-81CD-4D06-A259-C38EB184C0FE}.Release|x64.ActiveCfg = Release|Any CPU
		{B5079F58-81CD-4D06-A259-C38EB184C0FE}.Release|x64.Build.0 = Release|Any CPU
		{B5079F58-81CD-4D06-A259-C38EB184C0FE}.Release|x86.ActiveCfg = Release|Any CPU
		{B5079F58-81CD-4D06-A259-C38EB184C0FE}.Release|x86.Build.0 = Release|Any CPU
		{43D1B47D-EF16-4E31-A1E1-B2CEDB5466C2}.Ad-Hoc|Any CPU.ActiveCfg = Debug|ARM
		{43D1B47D-EF16-4E31-A1E1-B2CEDB5466C2}.Ad-Hoc|Any CPU.Build.0 = Debug|ARM
		{43D1B47D-EF16-4E31-A1E1-B2CEDB5466C2}.Ad-Hoc|Any CPU.Deploy.0 = Debug|ARM
		{43D1B47D-EF16-4E31-A1E1-B2CEDB5466C2}.Ad-Hoc|ARM.ActiveCfg = Debug|ARM
		{43D1B47D-EF16-4E31-A1E1-B2CEDB5466C2}.Ad-Hoc|ARM.Build.0 = Debug|ARM
		{43D1B47D-EF16-4E31-A1E1-B2CEDB5466C2}.Ad-Hoc|ARM.Deploy.0 = Debug|ARM
		{43D1B47D-EF16-4E31-A1E1-B2CEDB5466C2}.Ad-Hoc|iPhone.ActiveCfg = Debug|ARM
		{43D1B47D-EF16-4E31-A1E1-B2CEDB5466C2}.Ad-Hoc|iPhone.Build.0 = Debug|ARM
		{43D1B47D-EF16-4E31-A1E1-B2CEDB5466C2}.Ad-Hoc|iPhone.Deploy.0 = Debug|ARM
		{43D1B47D-EF16-4E31-A1E1-B2CEDB5466C2}.Ad-Hoc|iPhoneSimulator.ActiveCfg = Debug|ARM
		{43D1B47D-EF16-4E31-A1E1-B2CEDB5466C2}.Ad-Hoc|iPhoneSimulator.Build.0 = Debug|ARM
		{43D1B47D-EF16-4E31-A1E1-B2CEDB5466C2}.Ad-Hoc|iPhoneSimulator.Deploy.0 = Debug|ARM
		{43D1B47D-EF16-4E31-A1E1-B2CEDB5466C2}.Ad-Hoc|x64.ActiveCfg = Debug|x64
		{43D1B47D-EF16-4E31-A1E1-B2CEDB5466C2}.Ad-Hoc|x64.Build.0 = Debug|x64
		{43D1B47D-EF16-4E31-A1E1-B2CEDB5466C2}.Ad-Hoc|x64.Deploy.0 = Debug|x64
		{43D1B47D-EF16-4E31-A1E1-B2CEDB5466C2}.Ad-Hoc|x86.ActiveCfg = Debug|x86
		{43D1B47D-EF16-4E31-A1E1-B2CEDB5466C2}.Ad-Hoc|x86.Build.0 = Debug|x86
		{43D1B47D-EF16-4E31-A1E1-B2CEDB5466C2}.Ad-Hoc|x86.Deploy.0 = Debug|x86
		{43D1B47D-EF16-4E31-A1E1-B2CEDB5466C2}.AppStore|Any CPU.ActiveCfg = Debug|ARM
		{43D1B47D-EF16-4E31-A1E1-B2CEDB5466C2}.AppStore|Any CPU.Build.0 = Debug|ARM
		{43D1B47D-EF16-4E31-A1E1-B2CEDB5466C2}.AppStore|Any CPU.Deploy.0 = Debug|ARM
		{43D1B47D-EF16-4E31-A1E1-B2CEDB5466C2}.AppStore|ARM.ActiveCfg = Debug|ARM
		{43D1B47D-EF16-4E31-A1E1-B2CEDB5466C2}.AppStore|ARM.Build.0 = Debug|ARM
		{43D1B47D-EF16-4E31-A1E1-B2CEDB5466C2}.AppStore|ARM.Deploy.0 = Debug|ARM
		{43D1B47D-EF16-4E31-A1E1-B2CEDB5466C2}.AppStore|iPhone.ActiveCfg = Debug|ARM
		{43D1B47D-EF16-4E31-A1E1-B2CEDB5466C2}.AppStore|iPhone.Build.0 = Debug|ARM
		{43D1B47D-EF16-4E31-A1E1-B2CEDB5466C2}.AppStore|iPhone.Deploy.0 = Debug|ARM
		{43D1B47D-EF16-4E31-A1E1-B2CEDB5466C2}.AppStore|iPhoneSimulator.ActiveCfg = Debug|ARM
		{43D1B47D-EF16-4E31-A1E1-B2CEDB5466C2}.AppStore|iPhoneSimulator.Build.0 = Debug|ARM
		{43D1B47D-EF16-4E31-A1E1-B2CEDB5466C2}.AppStore|iPhoneSimulator.Deploy.0 = Debug|ARM
		{43D1B47D-EF16-4E31-A1E1-B2CEDB5466C2}.AppStore|x64.ActiveCfg = Debug|x64
		{43D1B47D-EF16-4E31-A1E1-B2CEDB5466C2}.AppStore|x64.Build.0 = Debug|x64
		{43D1B47D-EF16-4E31-A1E1-B2CEDB5466C2}.AppStore|x64.Deploy.0 = Debug|x64
		{43D1B47D-EF16-4E31-A1E1-B2CEDB5466C2}.AppStore|x86.ActiveCfg = Debug|x86
		{43D1B47D-EF16-4E31-A1E1-B2CEDB5466C2}.AppStore|x86.Build.0 = Debug|x86
		{43D1B47D-EF16-4E31-A1E1-B2CEDB5466C2}.AppStore|x86.Deploy.0 = Debug|x86
		{43D1B47D-EF16-4E31-A1E1-B2CEDB5466C2}.Debug|Any CPU.ActiveCfg = Debug|x64
		{43D1B47D-EF16-4E31-A1E1-B2CEDB5466C2}.Debug|Any CPU.Build.0 = Debug|x64
		{43D1B47D-EF16-4E31-A1E1-B2CEDB5466C2}.Debug|Any CPU.Deploy.0 = Debug|x64
		{43D1B47D-EF16-4E31-A1E1-B2CEDB5466C2}.Debug|ARM.ActiveCfg = Debug|ARM
		{43D1B47D-EF16-4E31-A1E1-B2CEDB5466C2}.Debug|ARM.Build.0 = Debug|ARM
		{43D1B47D-EF16-4E31-A1E1-B2CEDB5466C2}.Debug|ARM.Deploy.0 = Debug|ARM
		{43D1B47D-EF16-4E31-A1E1-B2CEDB5466C2}.Debug|iPhone.ActiveCfg = Debug|x86
		{43D1B47D-EF16-4E31-A1E1-B2CEDB5466C2}.Debug|iPhoneSimulator.ActiveCfg = Debug|x86
		{43D1B47D-EF16-4E31-A1E1-B2CEDB5466C2}.Debug|iPhoneSimulator.Build.0 = Debug|x86
		{43D1B47D-EF16-4E31-A1E1-B2CEDB5466C2}.Debug|iPhoneSimulator.Deploy.0 = Debug|x86
		{43D1B47D-EF16-4E31-A1E1-B2CEDB5466C2}.Debug|x64.ActiveCfg = Debug|x64
		{43D1B47D-EF16-4E31-A1E1-B2CEDB5466C2}.Debug|x64.Build.0 = Debug|x64
		{43D1B47D-EF16-4E31-A1E1-B2CEDB5466C2}.Debug|x64.Deploy.0 = Debug|x64
		{43D1B47D-EF16-4E31-A1E1-B2CEDB5466C2}.Debug|x86.ActiveCfg = Debug|x86
		{43D1B47D-EF16-4E31-A1E1-B2CEDB5466C2}.Debug|x86.Build.0 = Debug|x86
		{43D1B47D-EF16-4E31-A1E1-B2CEDB5466C2}.Debug|x86.Deploy.0 = Debug|x86
		{43D1B47D-EF16-4E31-A1E1-B2CEDB5466C2}.Release|Any CPU.ActiveCfg = Release|x86
		{43D1B47D-EF16-4E31-A1E1-B2CEDB5466C2}.Release|ARM.ActiveCfg = Release|ARM
		{43D1B47D-EF16-4E31-A1E1-B2CEDB5466C2}.Release|ARM.Build.0 = Release|ARM
		{43D1B47D-EF16-4E31-A1E1-B2CEDB5466C2}.Release|ARM.Deploy.0 = Release|ARM
		{43D1B47D-EF16-4E31-A1E1-B2CEDB5466C2}.Release|iPhone.ActiveCfg = Release|x86
		{43D1B47D-EF16-4E31-A1E1-B2CEDB5466C2}.Release|iPhoneSimulator.ActiveCfg = Release|x86
		{43D1B47D-EF16-4E31-A1E1-B2CEDB5466C2}.Release|x64.ActiveCfg = Release|x64
		{43D1B47D-EF16-4E31-A1E1-B2CEDB5466C2}.Release|x64.Build.0 = Release|x64
		{43D1B47D-EF16-4E31-A1E1-B2CEDB5466C2}.Release|x64.Deploy.0 = Release|x64
		{43D1B47D-EF16-4E31-A1E1-B2CEDB5466C2}.Release|x86.ActiveCfg = Release|x86
		{43D1B47D-EF16-4E31-A1E1-B2CEDB5466C2}.Release|x86.Build.0 = Release|x86
		{43D1B47D-EF16-4E31-A1E1-B2CEDB5466C2}.Release|x86.Deploy.0 = Release|x86
		{3827F75B-191C-4255-A389-DFE596A4F959}.Ad-Hoc|Any CPU.ActiveCfg = Debug|Any CPU
		{3827F75B-191C-4255-A389-DFE596A4F959}.Ad-Hoc|Any CPU.Build.0 = Debug|Any CPU
		{3827F75B-191C-4255-A389-DFE596A4F959}.Ad-Hoc|Any CPU.Deploy.0 = Debug|Any CPU
		{3827F75B-191C-4255-A389-DFE596A4F959}.Ad-Hoc|ARM.ActiveCfg = Debug|Any CPU
		{3827F75B-191C-4255-A389-DFE596A4F959}.Ad-Hoc|ARM.Build.0 = Debug|Any CPU
		{3827F75B-191C-4255-A389-DFE596A4F959}.Ad-Hoc|ARM.Deploy.0 = Debug|Any CPU
		{3827F75B-191C-4255-A389-DFE596A4F959}.Ad-Hoc|iPhone.ActiveCfg = Debug|Any CPU
		{3827F75B-191C-4255-A389-DFE596A4F959}.Ad-Hoc|iPhone.Build.0 = Debug|Any CPU
		{3827F75B-191C-4255-A389-DFE596A4F959}.Ad-Hoc|iPhone.Deploy.0 = Debug|Any CPU
		{3827F75B-191C-4255-A389-DFE596A4F959}.Ad-Hoc|iPhoneSimulator.ActiveCfg = Debug|Any CPU
		{3827F75B-191C-4255-A389-DFE596A4F959}.Ad-Hoc|iPhoneSimulator.Build.0 = Debug|Any CPU
		{3827F75B-191C-4255-A389-DFE596A4F959}.Ad-Hoc|iPhoneSimulator.Deploy.0 = Debug|Any CPU
		{3827F75B-191C-4255-A389-DFE596A4F959}.Ad-Hoc|x64.ActiveCfg = Debug|Any CPU
		{3827F75B-191C-4255-A389-DFE596A4F959}.Ad-Hoc|x64.Build.0 = Debug|Any CPU
		{3827F75B-191C-4255-A389-DFE596A4F959}.Ad-Hoc|x64.Deploy.0 = Debug|Any CPU
		{3827F75B-191C-4255-A389-DFE596A4F959}.Ad-Hoc|x86.ActiveCfg = Debug|Any CPU
		{3827F75B-191C-4255-A389-DFE596A4F959}.Ad-Hoc|x86.Build.0 = Debug|Any CPU
		{3827F75B-191C-4255-A389-DFE596A4F959}.Ad-Hoc|x86.Deploy.0 = Debug|Any CPU
		{3827F75B-191C-4255-A389-DFE596A4F959}.AppStore|Any CPU.ActiveCfg = Debug|Any CPU
		{3827F75B-191C-4255-A389-DFE596A4F959}.AppStore|Any CPU.Build.0 = Debug|Any CPU
		{3827F75B-191C-4255-A389-DFE596A4F959}.AppStore|Any CPU.Deploy.0 = Debug|Any CPU
		{3827F75B-191C-4255-A389-DFE596A4F959}.AppStore|ARM.ActiveCfg = Debug|Any CPU
		{3827F75B-191C-4255-A389-DFE596A4F959}.AppStore|ARM.Build.0 = Debug|Any CPU
		{3827F75B-191C-4255-A389-DFE596A4F959}.AppStore|ARM.Deploy.0 = Debug|Any CPU
		{3827F75B-191C-4255-A389-DFE596A4F959}.AppStore|iPhone.ActiveCfg = Debug|Any CPU
		{3827F75B-191C-4255-A389-DFE596A4F959}.AppStore|iPhone.Build.0 = Debug|Any CPU
		{3827F75B-191C-4255-A389-DFE596A4F959}.AppStore|iPhone.Deploy.0 = Debug|Any CPU
		{3827F75B-191C-4255-A389-DFE596A4F959}.AppStore|iPhoneSimulator.ActiveCfg = Debug|Any CPU
		{3827F75B-191C-4255-A389-DFE596A4F959}.AppStore|iPhoneSimulator.Build.0 = Debug|Any CPU
		{3827F75B-191C-4255-A389-DFE596A4F959}.AppStore|iPhoneSimulator.Deploy.0 = Debug|Any CPU
		{3827F75B-191C-4255-A389-DFE596A4F959}.AppStore|x64.ActiveCfg = Debug|Any CPU
		{3827F75B-191C-4255-A389-DFE596A4F959}.AppStore|x64.Build.0 = Debug|Any CPU
		{3827F75B-191C-4255-A389-DFE596A4F959}.AppStore|x64.Deploy.0 = Debug|Any CPU
		{3827F75B-191C-4255-A389-DFE596A4F959}.AppStore|x86.ActiveCfg = Debug|Any CPU
		{3827F75B-191C-4255-A389-DFE596A4F959}.AppStore|x86.Build.0 = Debug|Any CPU
		{3827F75B-191C-4255-A389-DFE596A4F959}.AppStore|x86.Deploy.0 = Debug|Any CPU
		{3827F75B-191C-4255-A389-DFE596A4F959}.Debug|Any CPU.ActiveCfg = Debug|Any CPU
		{3827F75B-191C-4255-A389-DFE596A4F959}.Debug|Any CPU.Build.0 = Debug|Any CPU
		{3827F75B-191C-4255-A389-DFE596A4F959}.Debug|Any CPU.Deploy.0 = Debug|Any CPU
		{3827F75B-191C-4255-A389-DFE596A4F959}.Debug|ARM.ActiveCfg = Debug|Any CPU
		{3827F75B-191C-4255-A389-DFE596A4F959}.Debug|ARM.Build.0 = Debug|Any CPU
		{3827F75B-191C-4255-A389-DFE596A4F959}.Debug|ARM.Deploy.0 = Debug|Any CPU
		{3827F75B-191C-4255-A389-DFE596A4F959}.Debug|iPhone.ActiveCfg = Debug|Any CPU
		{3827F75B-191C-4255-A389-DFE596A4F959}.Debug|iPhone.Build.0 = Debug|Any CPU
		{3827F75B-191C-4255-A389-DFE596A4F959}.Debug|iPhone.Deploy.0 = Debug|Any CPU
		{3827F75B-191C-4255-A389-DFE596A4F959}.Debug|iPhoneSimulator.ActiveCfg = Debug|Any CPU
		{3827F75B-191C-4255-A389-DFE596A4F959}.Debug|iPhoneSimulator.Build.0 = Debug|Any CPU
		{3827F75B-191C-4255-A389-DFE596A4F959}.Debug|iPhoneSimulator.Deploy.0 = Debug|Any CPU
		{3827F75B-191C-4255-A389-DFE596A4F959}.Debug|x64.ActiveCfg = Debug|Any CPU
		{3827F75B-191C-4255-A389-DFE596A4F959}.Debug|x64.Build.0 = Debug|Any CPU
		{3827F75B-191C-4255-A389-DFE596A4F959}.Debug|x64.Deploy.0 = Debug|Any CPU
		{3827F75B-191C-4255-A389-DFE596A4F959}.Debug|x86.ActiveCfg = Debug|Any CPU
		{3827F75B-191C-4255-A389-DFE596A4F959}.Debug|x86.Build.0 = Debug|Any CPU
		{3827F75B-191C-4255-A389-DFE596A4F959}.Debug|x86.Deploy.0 = Debug|Any CPU
		{3827F75B-191C-4255-A389-DFE596A4F959}.Release|Any CPU.ActiveCfg = Release|Any CPU
		{3827F75B-191C-4255-A389-DFE596A4F959}.Release|Any CPU.Build.0 = Release|Any CPU
		{3827F75B-191C-4255-A389-DFE596A4F959}.Release|Any CPU.Deploy.0 = Release|Any CPU
		{3827F75B-191C-4255-A389-DFE596A4F959}.Release|ARM.ActiveCfg = Release|Any CPU
		{3827F75B-191C-4255-A389-DFE596A4F959}.Release|ARM.Build.0 = Release|Any CPU
		{3827F75B-191C-4255-A389-DFE596A4F959}.Release|ARM.Deploy.0 = Release|Any CPU
		{3827F75B-191C-4255-A389-DFE596A4F959}.Release|iPhone.ActiveCfg = Release|Any CPU
		{3827F75B-191C-4255-A389-DFE596A4F959}.Release|iPhone.Build.0 = Release|Any CPU
		{3827F75B-191C-4255-A389-DFE596A4F959}.Release|iPhone.Deploy.0 = Release|Any CPU
		{3827F75B-191C-4255-A389-DFE596A4F959}.Release|iPhoneSimulator.ActiveCfg = Release|Any CPU
		{3827F75B-191C-4255-A389-DFE596A4F959}.Release|iPhoneSimulator.Build.0 = Release|Any CPU
		{3827F75B-191C-4255-A389-DFE596A4F959}.Release|iPhoneSimulator.Deploy.0 = Release|Any CPU
		{3827F75B-191C-4255-A389-DFE596A4F959}.Release|x64.ActiveCfg = Release|Any CPU
		{3827F75B-191C-4255-A389-DFE596A4F959}.Release|x64.Build.0 = Release|Any CPU
		{3827F75B-191C-4255-A389-DFE596A4F959}.Release|x64.Deploy.0 = Release|Any CPU
		{3827F75B-191C-4255-A389-DFE596A4F959}.Release|x86.ActiveCfg = Release|Any CPU
		{3827F75B-191C-4255-A389-DFE596A4F959}.Release|x86.Build.0 = Release|Any CPU
		{3827F75B-191C-4255-A389-DFE596A4F959}.Release|x86.Deploy.0 = Release|Any CPU
	EndGlobalSection
	GlobalSection(SolutionProperties) = preSolution
		HideSolutionNode = FALSE
	EndGlobalSection
	GlobalSection(ExtensibilityGlobals) = postSolution
		SolutionGuid = {69C412CC-92C8-4650-AC6D-BA33F9E58405}
	EndGlobalSection
EndGlobal
